
Microsoft Visual Studio Solution File, Format Version 12.00
# Visual Studio 15
VisualStudioVersion = 15.0.28307.421
MinimumVisualStudioVersion = 10.0.40219.1
Project("{FAE04EC0-301F-11D3-BF4B-00C04F79EFBC}") = "ListViewRTL.Android", "ListViewRTL\ListViewRTL.Android\ListViewRTL.Android.csproj", "{1A48177E-22BD-4FFA-9298-97FD4476B2C5}"
EndProject
Project("{FAE04EC0-301F-11D3-BF4B-00C04F79EFBC}") = "ListViewRTL.iOS", "ListViewRTL\ListViewRTL.iOS\ListViewRTL.iOS.csproj", "{4F1614A5-56F2-4F60-BA0E-6A3517988856}"
EndProject
Project("{FAE04EC0-301F-11D3-BF4B-00C04F79EFBC}") = "ListViewRTL.UWP", "ListViewRTL\ListViewRTL.UWP\ListViewRTL.UWP.csproj", "{726D897F-1CCB-42CF-A0F1-4BFFF14E2E62}"
EndProject
Project("{FAE04EC0-301F-11D3-BF4B-00C04F79EFBC}") = "ListViewRTL", "ListViewRTL\ListViewRTL\ListViewRTL.csproj", "{38EAF860-E2FC-4CD3-A470-F4F7C4A157F5}"
EndProject
Global
	GlobalSection(SolutionConfigurationPlatforms) = preSolution
		Ad-Hoc|Any CPU = Ad-Hoc|Any CPU
		Ad-Hoc|ARM = Ad-Hoc|ARM
		Ad-Hoc|iPhone = Ad-Hoc|iPhone
		Ad-Hoc|iPhoneSimulator = Ad-Hoc|iPhoneSimulator
		Ad-Hoc|x64 = Ad-Hoc|x64
		Ad-Hoc|x86 = Ad-Hoc|x86
		AppStore|Any CPU = AppStore|Any CPU
		AppStore|ARM = AppStore|ARM
		AppStore|iPhone = AppStore|iPhone
		AppStore|iPhoneSimulator = AppStore|iPhoneSimulator
		AppStore|x64 = AppStore|x64
		AppStore|x86 = AppStore|x86
		Debug|Any CPU = Debug|Any CPU
		Debug|ARM = Debug|ARM
		Debug|iPhone = Debug|iPhone
		Debug|iPhoneSimulator = Debug|iPhoneSimulator
		Debug|x64 = Debug|x64
		Debug|x86 = Debug|x86
		Release|Any CPU = Release|Any CPU
		Release|ARM = Release|ARM
		Release|iPhone = Release|iPhone
		Release|iPhoneSimulator = Release|iPhoneSimulator
		Release|x64 = Release|x64
		Release|x86 = Release|x86
	EndGlobalSection
	GlobalSection(ProjectConfigurationPlatforms) = postSolution
		{1A48177E-22BD-4FFA-9298-97FD4476B2C5}.Ad-Hoc|Any CPU.ActiveCfg = Release|Any CPU
		{1A48177E-22BD-4FFA-9298-97FD4476B2C5}.Ad-Hoc|Any CPU.Build.0 = Release|Any CPU
		{1A48177E-22BD-4FFA-9298-97FD4476B2C5}.Ad-Hoc|Any CPU.Deploy.0 = Release|Any CPU
		{1A48177E-22BD-4FFA-9298-97FD4476B2C5}.Ad-Hoc|ARM.ActiveCfg = Release|Any CPU
		{1A48177E-22BD-4FFA-9298-97FD4476B2C5}.Ad-Hoc|ARM.Build.0 = Release|Any CPU
		{1A48177E-22BD-4FFA-9298-97FD4476B2C5}.Ad-Hoc|ARM.Deploy.0 = Release|Any CPU
		{1A48177E-22BD-4FFA-9298-97FD4476B2C5}.Ad-Hoc|iPhone.ActiveCfg = Release|Any CPU
		{1A48177E-22BD-4FFA-9298-97FD4476B2C5}.Ad-Hoc|iPhone.Build.0 = Release|Any CPU
		{1A48177E-22BD-4FFA-9298-97FD4476B2C5}.Ad-Hoc|iPhone.Deploy.0 = Release|Any CPU
		{1A48177E-22BD-4FFA-9298-97FD4476B2C5}.Ad-Hoc|iPhoneSimulator.ActiveCfg = Release|Any CPU
		{1A48177E-22BD-4FFA-9298-97FD4476B2C5}.Ad-Hoc|iPhoneSimulator.Build.0 = Release|Any CPU
		{1A48177E-22BD-4FFA-9298-97FD4476B2C5}.Ad-Hoc|iPhoneSimulator.Deploy.0 = Release|Any CPU
		{1A48177E-22BD-4FFA-9298-97FD4476B2C5}.Ad-Hoc|x64.ActiveCfg = Release|Any CPU
		{1A48177E-22BD-4FFA-9298-97FD4476B2C5}.Ad-Hoc|x64.Build.0 = Release|Any CPU
		{1A48177E-22BD-4FFA-9298-97FD4476B2C5}.Ad-Hoc|x64.Deploy.0 = Release|Any CPU
		{1A48177E-22BD-4FFA-9298-97FD4476B2C5}.Ad-Hoc|x86.ActiveCfg = Release|Any CPU
		{1A48177E-22BD-4FFA-9298-97FD4476B2C5}.Ad-Hoc|x86.Build.0 = Release|Any CPU
		{1A48177E-22BD-4FFA-9298-97FD4476B2C5}.Ad-Hoc|x86.Deploy.0 = Release|Any CPU
		{1A48177E-22BD-4FFA-9298-97FD4476B2C5}.AppStore|Any CPU.ActiveCfg = Release|Any CPU
		{1A48177E-22BD-4FFA-9298-97FD4476B2C5}.AppStore|Any CPU.Build.0 = Release|Any CPU
		{1A48177E-22BD-4FFA-9298-97FD4476B2C5}.AppStore|Any CPU.Deploy.0 = Release|Any CPU
		{1A48177E-22BD-4FFA-9298-97FD4476B2C5}.AppStore|ARM.ActiveCfg = Release|Any CPU
		{1A48177E-22BD-4FFA-9298-97FD4476B2C5}.AppStore|ARM.Build.0 = Release|Any CPU
		{1A48177E-22BD-4FFA-9298-97FD4476B2C5}.AppStore|ARM.Deploy.0 = Release|Any CPU
		{1A48177E-22BD-4FFA-9298-97FD4476B2C5}.AppStore|iPhone.ActiveCfg = Release|Any CPU
		{1A48177E-22BD-4FFA-9298-97FD4476B2C5}.AppStore|iPhone.Build.0 = Release|Any CPU
		{1A48177E-22BD-4FFA-9298-97FD4476B2C5}.AppStore|iPhone.Deploy.0 = Release|Any CPU
		{1A48177E-22BD-4FFA-9298-97FD4476B2C5}.AppStore|iPhoneSimulator.ActiveCfg = Release|Any CPU
		{1A48177E-22BD-4FFA-9298-97FD4476B2C5}.AppStore|iPhoneSimulator.Build.0 = Release|Any CPU
		{1A48177E-22BD-4FFA-9298-97FD4476B2C5}.AppStore|iPhoneSimulator.Deploy.0 = Release|Any CPU
		{1A48177E-22BD-4FFA-9298-97FD4476B2C5}.AppStore|x64.ActiveCfg = Release|Any CPU
		{1A48177E-22BD-4FFA-9298-97FD4476B2C5}.AppStore|x64.Build.0 = Release|Any CPU
		{1A48177E-22BD-4FFA-9298-97FD4476B2C5}.AppStore|x64.Deploy.0 = Release|Any CPU
		{1A48177E-22BD-4FFA-9298-97FD4476B2C5}.AppStore|x86.ActiveCfg = Release|Any CPU
		{1A48177E-22BD-4FFA-9298-97FD4476B2C5}.AppStore|x86.Build.0 = Release|Any CPU
		{1A48177E-22BD-4FFA-9298-97FD4476B2C5}.AppStore|x86.Deploy.0 = Release|Any CPU
		{1A48177E-22BD-4FFA-9298-97FD4476B2C5}.Debug|Any CPU.ActiveCfg = Debug|Any CPU
		{1A48177E-22BD-4FFA-9298-97FD4476B2C5}.Debug|Any CPU.Build.0 = Debug|Any CPU
		{1A48177E-22BD-4FFA-9298-97FD4476B2C5}.Debug|Any CPU.Deploy.0 = Debug|Any CPU
		{1A48177E-22BD-4FFA-9298-97FD4476B2C5}.Debug|ARM.ActiveCfg = Debug|Any CPU
		{1A48177E-22BD-4FFA-9298-97FD4476B2C5}.Debug|ARM.Build.0 = Debug|Any CPU
		{1A48177E-22BD-4FFA-9298-97FD4476B2C5}.Debug|ARM.Deploy.0 = Debug|Any CPU
		{1A48177E-22BD-4FFA-9298-97FD4476B2C5}.Debug|iPhone.ActiveCfg = Debug|Any CPU
		{1A48177E-22BD-4FFA-9298-97FD4476B2C5}.Debug|iPhone.Build.0 = Debug|Any CPU
		{1A48177E-22BD-4FFA-9298-97FD4476B2C5}.Debug|iPhone.Deploy.0 = Debug|Any CPU
		{1A48177E-22BD-4FFA-9298-97FD4476B2C5}.Debug|iPhoneSimulator.ActiveCfg = Debug|Any CPU
		{1A48177E-22BD-4FFA-9298-97FD4476B2C5}.Debug|iPhoneSimulator.Build.0 = Debug|Any CPU
		{1A48177E-22BD-4FFA-9298-97FD4476B2C5}.Debug|iPhoneSimulator.Deploy.0 = Debug|Any CPU
		{1A48177E-22BD-4FFA-9298-97FD4476B2C5}.Debug|x64.ActiveCfg = Debug|Any CPU
		{1A48177E-22BD-4FFA-9298-97FD4476B2C5}.Debug|x64.Build.0 = Debug|Any CPU
		{1A48177E-22BD-4FFA-9298-97FD4476B2C5}.Debug|x64.Deploy.0 = Debug|Any CPU
		{1A48177E-22BD-4FFA-9298-97FD4476B2C5}.Debug|x86.ActiveCfg = Debug|Any CPU
		{1A48177E-22BD-4FFA-9298-97FD4476B2C5}.Debug|x86.Build.0 = Debug|Any CPU
		{1A48177E-22BD-4FFA-9298-97FD4476B2C5}.Debug|x86.Deploy.0 = Debug|Any CPU
		{1A48177E-22BD-4FFA-9298-97FD4476B2C5}.Release|Any CPU.ActiveCfg = Release|Any CPU
		{1A48177E-22BD-4FFA-9298-97FD4476B2C5}.Release|Any CPU.Build.0 = Release|Any CPU
		{1A48177E-22BD-4FFA-9298-97FD4476B2C5}.Release|Any CPU.Deploy.0 = Release|Any CPU
		{1A48177E-22BD-4FFA-9298-97FD4476B2C5}.Release|ARM.ActiveCfg = Release|Any CPU
		{1A48177E-22BD-4FFA-9298-97FD4476B2C5}.Release|ARM.Build.0 = Release|Any CPU
		{1A48177E-22BD-4FFA-9298-97FD4476B2C5}.Release|ARM.Deploy.0 = Release|Any CPU
		{1A48177E-22BD-4FFA-9298-97FD4476B2C5}.Release|iPhone.ActiveCfg = Release|Any CPU
		{1A48177E-22BD-4FFA-9298-97FD4476B2C5}.Release|iPhone.Build.0 = Release|Any CPU
		{1A48177E-22BD-4FFA-9298-97FD4476B2C5}.Release|iPhone.Deploy.0 = Release|Any CPU
		{1A48177E-22BD-4FFA-9298-97FD4476B2C5}.Release|iPhoneSimulator.ActiveCfg = Release|Any CPU
		{1A48177E-22BD-4FFA-9298-97FD4476B2C5}.Release|iPhoneSimulator.Build.0 = Release|Any CPU
		{1A48177E-22BD-4FFA-9298-97FD4476B2C5}.Release|iPhoneSimulator.Deploy.0 = Release|Any CPU
		{1A48177E-22BD-4FFA-9298-97FD4476B2C5}.Release|x64.ActiveCfg = Release|Any CPU
		{1A48177E-22BD-4FFA-9298-97FD4476B2C5}.Release|x64.Build.0 = Release|Any CPU
		{1A48177E-22BD-4FFA-9298-97FD4476B2C5}.Release|x64.Deploy.0 = Release|Any CPU
		{1A48177E-22BD-4FFA-9298-97FD4476B2C5}.Release|x86.ActiveCfg = Release|Any CPU
		{1A48177E-22BD-4FFA-9298-97FD4476B2C5}.Release|x86.Build.0 = Release|Any CPU
		{1A48177E-22BD-4FFA-9298-97FD4476B2C5}.Release|x86.Deploy.0 = Release|Any CPU
		{4F1614A5-56F2-4F60-BA0E-6A3517988856}.Ad-Hoc|Any CPU.ActiveCfg = Ad-Hoc|iPhone
		{4F1614A5-56F2-4F60-BA0E-6A3517988856}.Ad-Hoc|Any CPU.Build.0 = Ad-Hoc|iPhone
		{4F1614A5-56F2-4F60-BA0E-6A3517988856}.Ad-Hoc|Any CPU.Deploy.0 = Ad-Hoc|iPhone
		{4F1614A5-56F2-4F60-BA0E-6A3517988856}.Ad-Hoc|ARM.ActiveCfg = Ad-Hoc|iPhone
		{4F1614A5-56F2-4F60-BA0E-6A3517988856}.Ad-Hoc|ARM.Build.0 = Ad-Hoc|iPhone
		{4F1614A5-56F2-4F60-BA0E-6A3517988856}.Ad-Hoc|ARM.Deploy.0 = Ad-Hoc|iPhone
		{4F1614A5-56F2-4F60-BA0E-6A3517988856}.Ad-Hoc|iPhone.ActiveCfg = Ad-Hoc|iPhone
		{4F1614A5-56F2-4F60-BA0E-6A3517988856}.Ad-Hoc|iPhone.Build.0 = Ad-Hoc|iPhone
		{4F1614A5-56F2-4F60-BA0E-6A3517988856}.Ad-Hoc|iPhone.Deploy.0 = Ad-Hoc|iPhone
		{4F1614A5-56F2-4F60-BA0E-6A3517988856}.Ad-Hoc|iPhoneSimulator.ActiveCfg = Ad-Hoc|iPhoneSimulator
		{4F1614A5-56F2-4F60-BA0E-6A3517988856}.Ad-Hoc|iPhoneSimulator.Build.0 = Ad-Hoc|iPhoneSimulator
		{4F1614A5-56F2-4F60-BA0E-6A3517988856}.Ad-Hoc|iPhoneSimulator.Deploy.0 = Ad-Hoc|iPhoneSimulator
		{4F1614A5-56F2-4F60-BA0E-6A3517988856}.Ad-Hoc|x64.ActiveCfg = Ad-Hoc|iPhone
		{4F1614A5-56F2-4F60-BA0E-6A3517988856}.Ad-Hoc|x64.Build.0 = Ad-Hoc|iPhone
		{4F1614A5-56F2-4F60-BA0E-6A3517988856}.Ad-Hoc|x64.Deploy.0 = Ad-Hoc|iPhone
		{4F1614A5-56F2-4F60-BA0E-6A3517988856}.Ad-Hoc|x86.ActiveCfg = Ad-Hoc|iPhone
		{4F1614A5-56F2-4F60-BA0E-6A3517988856}.Ad-Hoc|x86.Build.0 = Ad-Hoc|iPhone
		{4F1614A5-56F2-4F60-BA0E-6A3517988856}.Ad-Hoc|x86.Deploy.0 = Ad-Hoc|iPhone
		{4F1614A5-56F2-4F60-BA0E-6A3517988856}.AppStore|Any CPU.ActiveCfg = AppStore|iPhone
		{4F1614A5-56F2-4F60-BA0E-6A3517988856}.AppStore|Any CPU.Build.0 = AppStore|iPhone
		{4F1614A5-56F2-4F60-BA0E-6A3517988856}.AppStore|Any CPU.Deploy.0 = AppStore|iPhone
		{4F1614A5-56F2-4F60-BA0E-6A3517988856}.AppStore|ARM.ActiveCfg = AppStore|iPhone
		{4F1614A5-56F2-4F60-BA0E-6A3517988856}.AppStore|ARM.Build.0 = AppStore|iPhone
		{4F1614A5-56F2-4F60-BA0E-6A3517988856}.AppStore|ARM.Deploy.0 = AppStore|iPhone
		{4F1614A5-56F2-4F60-BA0E-6A3517988856}.AppStore|iPhone.ActiveCfg = AppStore|iPhone
		{4F1614A5-56F2-4F60-BA0E-6A3517988856}.AppStore|iPhone.Build.0 = AppStore|iPhone
		{4F1614A5-56F2-4F60-BA0E-6A3517988856}.AppStore|iPhone.Deploy.0 = AppStore|iPhone
		{4F1614A5-56F2-4F60-BA0E-6A3517988856}.AppStore|iPhoneSimulator.ActiveCfg = AppStore|iPhoneSimulator
		{4F1614A5-56F2-4F60-BA0E-6A3517988856}.AppStore|iPhoneSimulator.Build.0 = AppStore|iPhoneSimulator
		{4F1614A5-56F2-4F60-BA0E-6A3517988856}.AppStore|iPhoneSimulator.Deploy.0 = AppStore|iPhoneSimulator
		{4F1614A5-56F2-4F60-BA0E-6A3517988856}.AppStore|x64.ActiveCfg = AppStore|iPhone
		{4F1614A5-56F2-4F60-BA0E-6A3517988856}.AppStore|x64.Build.0 = AppStore|iPhone
		{4F1614A5-56F2-4F60-BA0E-6A3517988856}.AppStore|x64.Deploy.0 = AppStore|iPhone
		{4F1614A5-56F2-4F60-BA0E-6A3517988856}.AppStore|x86.ActiveCfg = AppStore|iPhone
		{4F1614A5-56F2-4F60-BA0E-6A3517988856}.AppStore|x86.Build.0 = AppStore|iPhone
		{4F1614A5-56F2-4F60-BA0E-6A3517988856}.AppStore|x86.Deploy.0 = AppStore|iPhone
		{4F1614A5-56F2-4F60-BA0E-6A3517988856}.Debug|Any CPU.ActiveCfg = Debug|iPhoneSimulator
		{4F1614A5-56F2-4F60-BA0E-6A3517988856}.Debug|Any CPU.Build.0 = Debug|iPhoneSimulator
		{4F1614A5-56F2-4F60-BA0E-6A3517988856}.Debug|Any CPU.Deploy.0 = Debug|iPhoneSimulator
		{4F1614A5-56F2-4F60-BA0E-6A3517988856}.Debug|ARM.ActiveCfg = Debug|iPhone
		{4F1614A5-56F2-4F60-BA0E-6A3517988856}.Debug|ARM.Build.0 = Debug|iPhone
		{4F1614A5-56F2-4F60-BA0E-6A3517988856}.Debug|ARM.Deploy.0 = Debug|iPhone
		{4F1614A5-56F2-4F60-BA0E-6A3517988856}.Debug|iPhone.ActiveCfg = Debug|iPhone
		{4F1614A5-56F2-4F60-BA0E-6A3517988856}.Debug|iPhone.Build.0 = Debug|iPhone
		{4F1614A5-56F2-4F60-BA0E-6A3517988856}.Debug|iPhone.Deploy.0 = Debug|iPhone
		{4F1614A5-56F2-4F60-BA0E-6A3517988856}.Debug|iPhoneSimulator.ActiveCfg = Debug|iPhoneSimulator
		{4F1614A5-56F2-4F60-BA0E-6A3517988856}.Debug|iPhoneSimulator.Build.0 = Debug|iPhoneSimulator
		{4F1614A5-56F2-4F60-BA0E-6A3517988856}.Debug|iPhoneSimulator.Deploy.0 = Debug|iPhoneSimulator
		{4F1614A5-56F2-4F60-BA0E-6A3517988856}.Debug|x64.ActiveCfg = Debug|iPhone
		{4F1614A5-56F2-4F60-BA0E-6A3517988856}.Debug|x64.Build.0 = Debug|iPhone
		{4F1614A5-56F2-4F60-BA0E-6A3517988856}.Debug|x64.Deploy.0 = Debug|iPhone
		{4F1614A5-56F2-4F60-BA0E-6A3517988856}.Debug|x86.ActiveCfg = Debug|iPhone
		{4F1614A5-56F2-4F60-BA0E-6A3517988856}.Debug|x86.Build.0 = Debug|iPhone
		{4F1614A5-56F2-4F60-BA0E-6A3517988856}.Debug|x86.Deploy.0 = Debug|iPhone
		{4F1614A5-56F2-4F60-BA0E-6A3517988856}.Release|Any CPU.ActiveCfg = Release|iPhone
		{4F1614A5-56F2-4F60-BA0E-6A3517988856}.Release|Any CPU.Build.0 = Release|iPhone
		{4F1614A5-56F2-4F60-BA0E-6A3517988856}.Release|Any CPU.Deploy.0 = Release|iPhone
		{4F1614A5-56F2-4F60-BA0E-6A3517988856}.Release|ARM.ActiveCfg = Release|iPhone
		{4F1614A5-56F2-4F60-BA0E-6A3517988856}.Release|ARM.Build.0 = Release|iPhone
		{4F1614A5-56F2-4F60-BA0E-6A3517988856}.Release|ARM.Deploy.0 = Release|iPhone
		{4F1614A5-56F2-4F60-BA0E-6A3517988856}.Release|iPhone.ActiveCfg = Release|iPhone
		{4F1614A5-56F2-4F60-BA0E-6A3517988856}.Release|iPhone.Build.0 = Release|iPhone
		{4F1614A5-56F2-4F60-BA0E-6A3517988856}.Release|iPhone.Deploy.0 = Release|iPhone
		{4F1614A5-56F2-4F60-BA0E-6A3517988856}.Release|iPhoneSimulator.ActiveCfg = Release|iPhoneSimulator
		{4F1614A5-56F2-4F60-BA0E-6A3517988856}.Release|iPhoneSimulator.Build.0 = Release|iPhoneSimulator
		{4F1614A5-56F2-4F60-BA0E-6A3517988856}.Release|iPhoneSimulator.Deploy.0 = Release|iPhoneSimulator
		{4F1614A5-56F2-4F60-BA0E-6A3517988856}.Release|x64.ActiveCfg = Release|iPhone
		{4F1614A5-56F2-4F60-BA0E-6A3517988856}.Release|x64.Build.0 = Release|iPhone
		{4F1614A5-56F2-4F60-BA0E-6A3517988856}.Release|x64.Deploy.0 = Release|iPhone
		{4F1614A5-56F2-4F60-BA0E-6A3517988856}.Release|x86.ActiveCfg = Release|iPhone
		{4F1614A5-56F2-4F60-BA0E-6A3517988856}.Release|x86.Build.0 = Release|iPhone
		{4F1614A5-56F2-4F60-BA0E-6A3517988856}.Release|x86.Deploy.0 = Release|iPhone
		{726D897F-1CCB-42CF-A0F1-4BFFF14E2E62}.Ad-Hoc|Any CPU.ActiveCfg = Release|x86
		{726D897F-1CCB-42CF-A0F1-4BFFF14E2E62}.Ad-Hoc|Any CPU.Build.0 = Release|x86
		{726D897F-1CCB-42CF-A0F1-4BFFF14E2E62}.Ad-Hoc|Any CPU.Deploy.0 = Release|x86
		{726D897F-1CCB-42CF-A0F1-4BFFF14E2E62}.Ad-Hoc|ARM.ActiveCfg = Release|ARM
		{726D897F-1CCB-42CF-A0F1-4BFFF14E2E62}.Ad-Hoc|ARM.Build.0 = Release|ARM
		{726D897F-1CCB-42CF-A0F1-4BFFF14E2E62}.Ad-Hoc|ARM.Deploy.0 = Release|ARM
		{726D897F-1CCB-42CF-A0F1-4BFFF14E2E62}.Ad-Hoc|iPhone.ActiveCfg = Release|x86
		{726D897F-1CCB-42CF-A0F1-4BFFF14E2E62}.Ad-Hoc|iPhone.Build.0 = Release|x86
		{726D897F-1CCB-42CF-A0F1-4BFFF14E2E62}.Ad-Hoc|iPhone.Deploy.0 = Release|x86
		{726D897F-1CCB-42CF-A0F1-4BFFF14E2E62}.Ad-Hoc|iPhoneSimulator.ActiveCfg = Release|x86
		{726D897F-1CCB-42CF-A0F1-4BFFF14E2E62}.Ad-Hoc|iPhoneSimulator.Build.0 = Release|x86
		{726D897F-1CCB-42CF-A0F1-4BFFF14E2E62}.Ad-Hoc|iPhoneSimulator.Deploy.0 = Release|x86
		{726D897F-1CCB-42CF-A0F1-4BFFF14E2E62}.Ad-Hoc|x64.ActiveCfg = Release|x64
		{726D897F-1CCB-42CF-A0F1-4BFFF14E2E62}.Ad-Hoc|x64.Build.0 = Release|x64
		{726D897F-1CCB-42CF-A0F1-4BFFF14E2E62}.Ad-Hoc|x64.Deploy.0 = Release|x64
		{726D897F-1CCB-42CF-A0F1-4BFFF14E2E62}.Ad-Hoc|x86.ActiveCfg = Release|x86
		{726D897F-1CCB-42CF-A0F1-4BFFF14E2E62}.Ad-Hoc|x86.Build.0 = Release|x86
		{726D897F-1CCB-42CF-A0F1-4BFFF14E2E62}.Ad-Hoc|x86.Deploy.0 = Release|x86
		{726D897F-1CCB-42CF-A0F1-4BFFF14E2E62}.AppStore|Any CPU.ActiveCfg = Release|x86
		{726D897F-1CCB-42CF-A0F1-4BFFF14E2E62}.AppStore|Any CPU.Build.0 = Release|x86
		{726D897F-1CCB-42CF-A0F1-4BFFF14E2E62}.AppStore|Any CPU.Deploy.0 = Release|x86
		{726D897F-1CCB-42CF-A0F1-4BFFF14E2E62}.AppStore|ARM.ActiveCfg = Release|ARM
		{726D897F-1CCB-42CF-A0F1-4BFFF14E2E62}.AppStore|ARM.Build.0 = Release|ARM
		{726D897F-1CCB-42CF-A0F1-4BFFF14E2E62}.AppStore|ARM.Deploy.0 = Release|ARM
		{726D897F-1CCB-42CF-A0F1-4BFFF14E2E62}.AppStore|iPhone.ActiveCfg = Release|x86
		{726D897F-1CCB-42CF-A0F1-4BFFF14E2E62}.AppStore|iPhone.Build.0 = Release|x86
		{726D897F-1CCB-42CF-A0F1-4BFFF14E2E62}.AppStore|iPhone.Deploy.0 = Release|x86
		{726D897F-1CCB-42CF-A0F1-4BFFF14E2E62}.AppStore|iPhoneSimulator.ActiveCfg = Release|x86
		{726D897F-1CCB-42CF-A0F1-4BFFF14E2E62}.AppStore|iPhoneSimulator.Build.0 = Release|x86
		{726D897F-1CCB-42CF-A0F1-4BFFF14E2E62}.AppStore|iPhoneSimulator.Deploy.0 = Release|x86
		{726D897F-1CCB-42CF-A0F1-4BFFF14E2E62}.AppStore|x64.ActiveCfg = Release|x64
		{726D897F-1CCB-42CF-A0F1-4BFFF14E2E62}.AppStore|x64.Build.0 = Release|x64
		{726D897F-1CCB-42CF-A0F1-4BFFF14E2E62}.AppStore|x64.Deploy.0 = Release|x64
		{726D897F-1CCB-42CF-A0F1-4BFFF14E2E62}.AppStore|x86.ActiveCfg = Release|x86
		{726D897F-1CCB-42CF-A0F1-4BFFF14E2E62}.AppStore|x86.Build.0 = Release|x86
		{726D897F-1CCB-42CF-A0F1-4BFFF14E2E62}.AppStore|x86.Deploy.0 = Release|x86
		{726D897F-1CCB-42CF-A0F1-4BFFF14E2E62}.Debug|Any CPU.ActiveCfg = Debug|x86
		{726D897F-1CCB-42CF-A0F1-4BFFF14E2E62}.Debug|Any CPU.Build.0 = Debug|x86
		{726D897F-1CCB-42CF-A0F1-4BFFF14E2E62}.Debug|Any CPU.Deploy.0 = Debug|x86
		{726D897F-1CCB-42CF-A0F1-4BFFF14E2E62}.Debug|ARM.ActiveCfg = Debug|ARM
		{726D897F-1CCB-42CF-A0F1-4BFFF14E2E62}.Debug|ARM.Build.0 = Debug|ARM
		{726D897F-1CCB-42CF-A0F1-4BFFF14E2E62}.Debug|ARM.Deploy.0 = Debug|ARM
		{726D897F-1CCB-42CF-A0F1-4BFFF14E2E62}.Debug|iPhone.ActiveCfg = Debug|x86
		{726D897F-1CCB-42CF-A0F1-4BFFF14E2E62}.Debug|iPhone.Build.0 = Debug|x86
		{726D897F-1CCB-42CF-A0F1-4BFFF14E2E62}.Debug|iPhone.Deploy.0 = Debug|x86
		{726D897F-1CCB-42CF-A0F1-4BFFF14E2E62}.Debug|iPhoneSimulator.ActiveCfg = Debug|x86
		{726D897F-1CCB-42CF-A0F1-4BFFF14E2E62}.Debug|iPhoneSimulator.Build.0 = Debug|x86
		{726D897F-1CCB-42CF-A0F1-4BFFF14E2E62}.Debug|iPhoneSimulator.Deploy.0 = Debug|x86
		{726D897F-1CCB-42CF-A0F1-4BFFF14E2E62}.Debug|x64.ActiveCfg = Debug|x64
		{726D897F-1CCB-42CF-A0F1-4BFFF14E2E62}.Debug|x64.Build.0 = Debug|x64
		{726D897F-1CCB-42CF-A0F1-4BFFF14E2E62}.Debug|x64.Deploy.0 = Debug|x64
		{726D897F-1CCB-42CF-A0F1-4BFFF14E2E62}.Debug|x86.ActiveCfg = Debug|x86
		{726D897F-1CCB-42CF-A0F1-4BFFF14E2E62}.Debug|x86.Build.0 = Debug|x86
		{726D897F-1CCB-42CF-A0F1-4BFFF14E2E62}.Debug|x86.Deploy.0 = Debug|x86
		{726D897F-1CCB-42CF-A0F1-4BFFF14E2E62}.Release|Any CPU.ActiveCfg = Release|x86
		{726D897F-1CCB-42CF-A0F1-4BFFF14E2E62}.Release|Any CPU.Build.0 = Release|x86
		{726D897F-1CCB-42CF-A0F1-4BFFF14E2E62}.Release|Any CPU.Deploy.0 = Release|x86
		{726D897F-1CCB-42CF-A0F1-4BFFF14E2E62}.Release|ARM.ActiveCfg = Release|ARM
		{726D897F-1CCB-42CF-A0F1-4BFFF14E2E62}.Release|ARM.Build.0 = Release|ARM
		{726D897F-1CCB-42CF-A0F1-4BFFF14E2E62}.Release|ARM.Deploy.0 = Release|ARM
		{726D897F-1CCB-42CF-A0F1-4BFFF14E2E62}.Release|iPhone.ActiveCfg = Release|x86
		{726D897F-1CCB-42CF-A0F1-4BFFF14E2E62}.Release|iPhone.Build.0 = Release|x86
		{726D897F-1CCB-42CF-A0F1-4BFFF14E2E62}.Release|iPhone.Deploy.0 = Release|x86
		{726D897F-1CCB-42CF-A0F1-4BFFF14E2E62}.Release|iPhoneSimulator.ActiveCfg = Release|x86
		{726D897F-1CCB-42CF-A0F1-4BFFF14E2E62}.Release|iPhoneSimulator.Build.0 = Release|x86
		{726D897F-1CCB-42CF-A0F1-4BFFF14E2E62}.Release|iPhoneSimulator.Deploy.0 = Release|x86
		{726D897F-1CCB-42CF-A0F1-4BFFF14E2E62}.Release|x64.ActiveCfg = Release|x64
		{726D897F-1CCB-42CF-A0F1-4BFFF14E2E62}.Release|x64.Build.0 = Release|x64
		{726D897F-1CCB-42CF-A0F1-4BFFF14E2E62}.Release|x64.Deploy.0 = Release|x64
		{726D897F-1CCB-42CF-A0F1-4BFFF14E2E62}.Release|x86.ActiveCfg = Release|x86
		{726D897F-1CCB-42CF-A0F1-4BFFF14E2E62}.Release|x86.Build.0 = Release|x86
		{726D897F-1CCB-42CF-A0F1-4BFFF14E2E62}.Release|x86.Deploy.0 = Release|x86
		{38EAF860-E2FC-4CD3-A470-F4F7C4A157F5}.Ad-Hoc|Any CPU.ActiveCfg = Debug|Any CPU
		{38EAF860-E2FC-4CD3-A470-F4F7C4A157F5}.Ad-Hoc|Any CPU.Build.0 = Debug|Any CPU
		{38EAF860-E2FC-4CD3-A470-F4F7C4A157F5}.Ad-Hoc|Any CPU.Deploy.0 = Debug|Any CPU
		{38EAF860-E2FC-4CD3-A470-F4F7C4A157F5}.Ad-Hoc|ARM.ActiveCfg = Debug|Any CPU
		{38EAF860-E2FC-4CD3-A470-F4F7C4A157F5}.Ad-Hoc|ARM.Build.0 = Debug|Any CPU
		{38EAF860-E2FC-4CD3-A470-F4F7C4A157F5}.Ad-Hoc|ARM.Deploy.0 = Debug|Any CPU
		{38EAF860-E2FC-4CD3-A470-F4F7C4A157F5}.Ad-Hoc|iPhone.ActiveCfg = Debug|Any CPU
		{38EAF860-E2FC-4CD3-A470-F4F7C4A157F5}.Ad-Hoc|iPhone.Build.0 = Debug|Any CPU
		{38EAF860-E2FC-4CD3-A470-F4F7C4A157F5}.Ad-Hoc|iPhone.Deploy.0 = Debug|Any CPU
		{38EAF860-E2FC-4CD3-A470-F4F7C4A157F5}.Ad-Hoc|iPhoneSimulator.ActiveCfg = Debug|Any CPU
		{38EAF860-E2FC-4CD3-A470-F4F7C4A157F5}.Ad-Hoc|iPhoneSimulator.Build.0 = Debug|Any CPU
		{38EAF860-E2FC-4CD3-A470-F4F7C4A157F5}.Ad-Hoc|iPhoneSimulator.Deploy.0 = Debug|Any CPU
		{38EAF860-E2FC-4CD3-A470-F4F7C4A157F5}.Ad-Hoc|x64.ActiveCfg = Debug|Any CPU
		{38EAF860-E2FC-4CD3-A470-F4F7C4A157F5}.Ad-Hoc|x64.Build.0 = Debug|Any CPU
		{38EAF860-E2FC-4CD3-A470-F4F7C4A157F5}.Ad-Hoc|x64.Deploy.0 = Debug|Any CPU
		{38EAF860-E2FC-4CD3-A470-F4F7C4A157F5}.Ad-Hoc|x86.ActiveCfg = Debug|Any CPU
		{38EAF860-E2FC-4CD3-A470-F4F7C4A157F5}.Ad-Hoc|x86.Build.0 = Debug|Any CPU
		{38EAF860-E2FC-4CD3-A470-F4F7C4A157F5}.Ad-Hoc|x86.Deploy.0 = Debug|Any CPU
		{38EAF860-E2FC-4CD3-A470-F4F7C4A157F5}.AppStore|Any CPU.ActiveCfg = Debug|Any CPU
		{38EAF860-E2FC-4CD3-A470-F4F7C4A157F5}.AppStore|Any CPU.Build.0 = Debug|Any CPU
		{38EAF860-E2FC-4CD3-A470-F4F7C4A157F5}.AppStore|Any CPU.Deploy.0 = Debug|Any CPU
		{38EAF860-E2FC-4CD3-A470-F4F7C4A157F5}.AppStore|ARM.ActiveCfg = Debug|Any CPU
		{38EAF860-E2FC-4CD3-A470-F4F7C4A157F5}.AppStore|ARM.Build.0 = Debug|Any CPU
		{38EAF860-E2FC-4CD3-A470-F4F7C4A157F5}.AppStore|ARM.Deploy.0 = Debug|Any CPU
		{38EAF860-E2FC-4CD3-A470-F4F7C4A157F5}.AppStore|iPhone.ActiveCfg = Debug|Any CPU
		{38EAF860-E2FC-4CD3-A470-F4F7C4A157F5}.AppStore|iPhone.Build.0 = Debug|Any CPU
		{38EAF860-E2FC-4CD3-A470-F4F7C4A157F5}.AppStore|iPhone.Deploy.0 = Debug|Any CPU
		{38EAF860-E2FC-4CD3-A470-F4F7C4A157F5}.AppStore|iPhoneSimulator.ActiveCfg = Debug|Any CPU
		{38EAF860-E2FC-4CD3-A470-F4F7C4A157F5}.AppStore|iPhoneSimulator.Build.0 = Debug|Any CPU
		{38EAF860-E2FC-4CD3-A470-F4F7C4A157F5}.AppStore|iPhoneSimulator.Deploy.0 = Debug|Any CPU
		{38EAF860-E2FC-4CD3-A470-F4F7C4A157F5}.AppStore|x64.ActiveCfg = Debug|Any CPU
		{38EAF860-E2FC-4CD3-A470-F4F7C4A157F5}.AppStore|x64.Build.0 = Debug|Any CPU
		{38EAF860-E2FC-4CD3-A470-F4F7C4A157F5}.AppStore|x64.Deploy.0 = Debug|Any CPU
		{38EAF860-E2FC-4CD3-A470-F4F7C4A157F5}.AppStore|x86.ActiveCfg = Debug|Any CPU
		{38EAF860-E2FC-4CD3-A470-F4F7C4A157F5}.AppStore|x86.Build.0 = Debug|Any CPU
		{38EAF860-E2FC-4CD3-A470-F4F7C4A157F5}.AppStore|x86.Deploy.0 = Debug|Any CPU
		{38EAF860-E2FC-4CD3-A470-F4F7C4A157F5}.Debug|Any CPU.ActiveCfg = Debug|Any CPU
		{38EAF860-E2FC-4CD3-A470-F4F7C4A157F5}.Debug|Any CPU.Build.0 = Debug|Any CPU
		{38EAF860-E2FC-4CD3-A470-F4F7C4A157F5}.Debug|Any CPU.Deploy.0 = Debug|Any CPU
		{38EAF860-E2FC-4CD3-A470-F4F7C4A157F5}.Debug|ARM.ActiveCfg = Debug|Any CPU
		{38EAF860-E2FC-4CD3-A470-F4F7C4A157F5}.Debug|ARM.Build.0 = Debug|Any CPU
		{38EAF860-E2FC-4CD3-A470-F4F7C4A157F5}.Debug|ARM.Deploy.0 = Debug|Any CPU
		{38EAF860-E2FC-4CD3-A470-F4F7C4A157F5}.Debug|iPhone.ActiveCfg = Debug|Any CPU
		{38EAF860-E2FC-4CD3-A470-F4F7C4A157F5}.Debug|iPhone.Build.0 = Debug|Any CPU
		{38EAF860-E2FC-4CD3-A470-F4F7C4A157F5}.Debug|iPhone.Deploy.0 = Debug|Any CPU
		{38EAF860-E2FC-4CD3-A470-F4F7C4A157F5}.Debug|iPhoneSimulator.ActiveCfg = Debug|Any CPU
		{38EAF860-E2FC-4CD3-A470-F4F7C4A157F5}.Debug|iPhoneSimulator.Build.0 = Debug|Any CPU
		{38EAF860-E2FC-4CD3-A470-F4F7C4A157F5}.Debug|iPhoneSimulator.Deploy.0 = Debug|Any CPU
		{38EAF860-E2FC-4CD3-A470-F4F7C4A157F5}.Debug|x64.ActiveCfg = Debug|Any CPU
		{38EAF860-E2FC-4CD3-A470-F4F7C4A157F5}.Debug|x64.Build.0 = Debug|Any CPU
		{38EAF860-E2FC-4CD3-A470-F4F7C4A157F5}.Debug|x64.Deploy.0 = Debug|Any CPU
		{38EAF860-E2FC-4CD3-A470-F4F7C4A157F5}.Debug|x86.ActiveCfg = Debug|Any CPU
		{38EAF860-E2FC-4CD3-A470-F4F7C4A157F5}.Debug|x86.Build.0 = Debug|Any CPU
		{38EAF860-E2FC-4CD3-A470-F4F7C4A157F5}.Debug|x86.Deploy.0 = Debug|Any CPU
		{38EAF860-E2FC-4CD3-A470-F4F7C4A157F5}.Release|Any CPU.ActiveCfg = Release|Any CPU
		{38EAF860-E2FC-4CD3-A470-F4F7C4A157F5}.Release|Any CPU.Build.0 = Release|Any CPU
		{38EAF860-E2FC-4CD3-A470-F4F7C4A157F5}.Release|Any CPU.Deploy.0 = Release|Any CPU
		{38EAF860-E2FC-4CD3-A470-F4F7C4A157F5}.Release|ARM.ActiveCfg = Release|Any CPU
		{38EAF860-E2FC-4CD3-A470-F4F7C4A157F5}.Release|ARM.Build.0 = Release|Any CPU
		{38EAF860-E2FC-4CD3-A470-F4F7C4A157F5}.Release|ARM.Deploy.0 = Release|Any CPU
		{38EAF860-E2FC-4CD3-A470-F4F7C4A157F5}.Release|iPhone.ActiveCfg = Release|Any CPU
		{38EAF860-E2FC-4CD3-A470-F4F7C4A157F5}.Release|iPhone.Build.0 = Release|Any CPU
		{38EAF860-E2FC-4CD3-A470-F4F7C4A157F5}.Release|iPhone.Deploy.0 = Release|Any CPU
		{38EAF860-E2FC-4CD3-A470-F4F7C4A157F5}.Release|iPhoneSimulator.ActiveCfg = Release|Any CPU
		{38EAF860-E2FC-4CD3-A470-F4F7C4A157F5}.Release|iPhoneSimulator.Build.0 = Release|Any CPU
		{38EAF860-E2FC-4CD3-A470-F4F7C4A157F5}.Release|iPhoneSimulator.Deploy.0 = Release|Any CPU
		{38EAF860-E2FC-4CD3-A470-F4F7C4A157F5}.Release|x64.ActiveCfg = Release|Any CPU
		{38EAF860-E2FC-4CD3-A470-F4F7C4A157F5}.Release|x64.Build.0 = Release|Any CPU
		{38EAF860-E2FC-4CD3-A470-F4F7C4A157F5}.Release|x64.Deploy.0 = Release|Any CPU
		{38EAF860-E2FC-4CD3-A470-F4F7C4A157F5}.Release|x86.ActiveCfg = Release|Any CPU
		{38EAF860-E2FC-4CD3-A470-F4F7C4A157F5}.Release|x86.Build.0 = Release|Any CPU
		{38EAF860-E2FC-4CD3-A470-F4F7C4A157F5}.Release|x86.Deploy.0 = Release|Any CPU
	EndGlobalSection
	GlobalSection(SolutionProperties) = preSolution
		HideSolutionNode = FALSE
	EndGlobalSection
	GlobalSection(ExtensibilityGlobals) = postSolution
		SolutionGuid = {DCAD567B-9DCD-473B-ACE1-CFD58758993C}
	EndGlobalSection
EndGlobal
